
Microsoft Visual Studio Solution File, Format Version 12.00
# Visual Studio Version 16
VisualStudioVersion = 16.0.30114.105
MinimumVisualStudioVersion = 10.0.40219.1
Project("{FAE04EC0-301F-11D3-BF4B-00C04F79EFBC}") = "ToDoList", "ToDoList\ToDoList.csproj", "{EE5602AA-A2ED-424D-97C0-FB924DAD79E9}"
EndProject
Global
	GlobalSection(SolutionConfigurationPlatforms) = preSolution
		Debug|Any CPU = Debug|Any CPU
		Release|Any CPU = Release|Any CPU
	EndGlobalSection
	GlobalSection(ProjectConfigurationPlatforms) = postSolution
		{EE5602AA-A2ED-424D-97C0-FB924DAD79E9}.Debug|Any CPU.ActiveCfg = Debug|Any CPU
		{EE5602AA-A2ED-424D-97C0-FB924DAD79E9}.Debug|Any CPU.Build.0 = Debug|Any CPU
		{EE5602AA-A2ED-424D-97C0-FB924DAD79E9}.Release|Any CPU.ActiveCfg = Release|Any CPU
		{EE5602AA-A2ED-424D-97C0-FB924DAD79E9}.Release|Any CPU.Build.0 = Release|Any CPU
	EndGlobalSection
	GlobalSection(SolutionProperties) = preSolution
		HideSolutionNode = FALSE
	EndGlobalSection
	GlobalSection(ExtensibilityGlobals) = postSolution
		SolutionGuid = {2E0B1BD1-AA6D-477B-9893-BAB071EE44AC}
	EndGlobalSection
EndGlobal
